
Microsoft Visual Studio Solution File, Format Version 12.00
# Visual Studio Version 16
VisualStudioVersion = 16.0.28803.452
MinimumVisualStudioVersion = 10.0.40219.1
Project("{9A19103F-16F7-4668-BE54-9A1E7A4F7556}") = "EmployeeRegistration", "EmployeeRegistration\EmployeeRegistration.csproj", "{F06397E5-A0B3-462F-A7C1-F53EE55C886B}"
EndProject
Project("{9A19103F-16F7-4668-BE54-9A1E7A4F7556}") = "EmployeeRegistration.API", "EmployeeRegistration.API\EmployeeRegistration.API.csproj", "{A9F4F1FF-977A-4CC3-A0F5-35926610B2D9}"
EndProject
Project("{9A19103F-16F7-4668-BE54-9A1E7A4F7556}") = "EmployeeRegistration.API.Test", "EmployeeRegistration.API.Test\EmployeeRegistration.API.Test.csproj", "{80F3E6BD-05E3-41AA-A604-94500FDAE581}"
EndProject
Global
	GlobalSection(SolutionConfigurationPlatforms) = preSolution
		Debug|Any CPU = Debug|Any CPU
		Release|Any CPU = Release|Any CPU
	EndGlobalSection
	GlobalSection(ProjectConfigurationPlatforms) = postSolution
		{F06397E5-A0B3-462F-A7C1-F53EE55C886B}.Debug|Any CPU.ActiveCfg = Debug|Any CPU
		{F06397E5-A0B3-462F-A7C1-F53EE55C886B}.Debug|Any CPU.Build.0 = Debug|Any CPU
		{F06397E5-A0B3-462F-A7C1-F53EE55C886B}.Release|Any CPU.ActiveCfg = Release|Any CPU
		{F06397E5-A0B3-462F-A7C1-F53EE55C886B}.Release|Any CPU.Build.0 = Release|Any CPU
		{A9F4F1FF-977A-4CC3-A0F5-35926610B2D9}.Debug|Any CPU.ActiveCfg = Debug|Any CPU
		{A9F4F1FF-977A-4CC3-A0F5-35926610B2D9}.Debug|Any CPU.Build.0 = Debug|Any CPU
		{A9F4F1FF-977A-4CC3-A0F5-35926610B2D9}.Release|Any CPU.ActiveCfg = Release|Any CPU
		{A9F4F1FF-977A-4CC3-A0F5-35926610B2D9}.Release|Any CPU.Build.0 = Release|Any CPU
		{80F3E6BD-05E3-41AA-A604-94500FDAE581}.Debug|Any CPU.ActiveCfg = Debug|Any CPU
		{80F3E6BD-05E3-41AA-A604-94500FDAE581}.Debug|Any CPU.Build.0 = Debug|Any CPU
		{80F3E6BD-05E3-41AA-A604-94500FDAE581}.Release|Any CPU.ActiveCfg = Release|Any CPU
		{80F3E6BD-05E3-41AA-A604-94500FDAE581}.Release|Any CPU.Build.0 = Release|Any CPU
	EndGlobalSection
	GlobalSection(SolutionProperties) = preSolution
		HideSolutionNode = FALSE
	EndGlobalSection
	GlobalSection(ExtensibilityGlobals) = postSolution
		SolutionGuid = {3955D2E6-435A-4FE3-BA13-944216105EDA}
	EndGlobalSection
EndGlobal
